version = 1
revision = 3
requires-python = "==3.12.*"
resolution-markers = [
    "sys_platform == 'win32'",
    "sys_platform == 'emscripten'",
    "sys_platform != 'emscripten' and sys_platform != 'win32'",
]

[[package]]
name = "imageio"
version = "2.37.2"
source = { registry = "https://pypi.org/simple" }
dependencies = [
    { name = "numpy" },
    { name = "pillow" },
]
sdist = { url = "https://files.pythonhosted.org/packages/a3/6f/606be632e37bf8d05b253e8626c2291d74c691ddc7bcdf7d6aaf33b32f6a/imageio-2.37.2.tar.gz", hash = "sha256:0212ef2727ac9caa5ca4b2c75ae89454312f440a756fcfc8ef1993e718f50f8a", size = 389600, upload-time = "2025-11-04T14:29:39.898Z" }
wheels = [
    { url = "https://files.pythonhosted.org/packages/fb/fe/301e0936b79bcab4cacc7548bf2853fc28dced0a578bab1f7ef53c9aa75b/imageio-2.37.2-py3-none-any.whl", hash = "sha256:ad9adfb20335d718c03de457358ed69f141021a333c40a53e57273d8a5bd0b9b", size = 317646, upload-time = "2025-11-04T14:29:37.948Z" },
]

[[package]]
name = "lazy-loader"
version = "0.4"
source = { registry = "https://pypi.org/simple" }
dependencies = [
    { name = "packaging" },
]
sdist = { url = "https://files.pythonhosted.org/packages/6f/6b/c875b30a1ba490860c93da4cabf479e03f584eba06fe5963f6f6644653d8/lazy_loader-0.4.tar.gz", hash = "sha256:47c75182589b91a4e1a85a136c074285a5ad4d9f39c63e0d7fb76391c4574cd1", size = 15431, upload-time = "2024-04-05T13:03:12.261Z" }
wheels = [
    { url = "https://files.pythonhosted.org/packages/83/60/d497a310bde3f01cb805196ac61b7ad6dc5dcf8dce66634dc34364b20b4f/lazy_loader-0.4-py3-none-any.whl", hash = "sha256:342aa8e14d543a154047afb4ba8ef17f5563baad3fc610d7b15b213b0f119efc", size = 12097, upload-time = "2024-04-05T13:03:10.514Z" },
]

[[package]]
name = "mdsthin"
version = "1.6.1"
source = { registry = "https://pypi.org/simple" }
dependencies = [
    { name = "numpy" },
]
sdist = { url = "https://files.pythonhosted.org/packages/2f/b2/a11e571f3da62989ebf951337ae3cdf6eb3027cafc179fd70a6db2dc7fe8/mdsthin-1.6.1.tar.gz", hash = "sha256:e351b05154a980539dcd9090bde844f0e577a7f42f779074e063bc19d173a8cc", size = 74302, upload-time = "2025-09-25T21:37:24.923Z" }
wheels = [
    { url = "https://files.pythonhosted.org/packages/15/9f/6c828d7d4a2435a78bd0e4f7ba43c79dc3aff8c7a56fa7e164a0d5b7d0ad/mdsthin-1.6.1-py3-none-any.whl", hash = "sha256:155fadf2b2c11afc1f8f446361351649069427ee54078e1ebb2c4256108d0dc0", size = 90264, upload-time = "2025-09-25T21:37:24.018Z" },
]

[[package]]
name = "networkx"
version = "3.6.1"
source = { registry = "https://pypi.org/simple" }
sdist = { url = "https://files.pythonhosted.org/packages/6a/51/63fe664f3908c97be9d2e4f1158eb633317598cfa6e1fc14af5383f17512/networkx-3.6.1.tar.gz", hash = "sha256:26b7c357accc0c8cde558ad486283728b65b6a95d85ee1cd66bafab4c8168509", size = 2517025, upload-time = "2025-12-08T17:02:39.908Z" }
wheels = [
    { url = "https://files.pythonhosted.org/packages/9e/c9/b2622292ea83fbb4ec318f5b9ab867d0a28ab43c5717bb85b0a5f6b3b0a4/networkx-3.6.1-py3-none-any.whl", hash = "sha256:d47fbf302e7d9cbbb9e2555a0d267983d2aa476bac30e90dfbe5669bd57f3762", size = 2068504, upload-time = "2025-12-08T17:02:38.159Z" },
]

[[package]]
name = "numpy"
version = "2.4.1"
source = { registry = "https://pypi.org/simple" }
sdist = { url = "https://files.pythonhosted.org/packages/24/62/ae72ff66c0f1fd959925b4c11f8c2dea61f47f6acaea75a08512cdfe3fed/numpy-2.4.1.tar.gz", hash = "sha256:a1ceafc5042451a858231588a104093474c6a5c57dcc724841f5c888d237d690", size = 20721320, upload-time = "2026-01-10T06:44:59.619Z" }
wheels = [
    { url = "https://files.pythonhosted.org/packages/78/7f/ec53e32bf10c813604edf07a3682616bd931d026fcde7b6d13195dfb684a/numpy-2.4.1-cp312-cp312-macosx_10_13_x86_64.whl", hash = "sha256:d3703409aac693fa82c0aee023a1ae06a6e9d065dba10f5e8e80f642f1e9d0a2", size = 16656888, upload-time = "2026-01-10T06:42:40.913Z" },
    { url = "https://files.pythonhosted.org/packages/b8/e0/1f9585d7dae8f14864e948fd7fa86c6cb72dee2676ca2748e63b1c5acfe0/numpy-2.4.1-cp312-cp312-macosx_11_0_arm64.whl", hash = "sha256:7211b95ca365519d3596a1d8688a95874cc94219d417504d9ecb2df99fa7bfa8", size = 12373956, upload-time = "2026-01-10T06:42:43.091Z" },
    { url = "https://files.pythonhosted.org/packages/8e/43/9762e88909ff2326f5e7536fa8cb3c49fb03a7d92705f23e6e7f553d9cb3/numpy-2.4.1-cp312-cp312-macosx_14_0_arm64.whl", hash = "sha256:5adf01965456a664fc727ed69cc71848f28d063217c63e1a0e200a118d5eec9a", size = 5202567, upload-time = "2026-01-10T06:42:45.107Z" },
    { url = "https://files.pythonhosted.org/packages/4b/ee/34b7930eb61e79feb4478800a4b95b46566969d837546aa7c034c742ef98/numpy-2.4.1-cp312-cp312-macosx_14_0_x86_64.whl", hash = "sha256:26f0bcd9c79a00e339565b303badc74d3ea2bd6d52191eeca5f95936cad107d0", size = 6549459, upload-time = "2026-01-10T06:42:48.152Z" },
    { url = "https://files.pythonhosted.org/packages/79/e3/5f115fae982565771be994867c89bcd8d7208dbfe9469185497d70de5ddf/numpy-2.4.1-cp312-cp312-manylinux_2_27_aarch64.manylinux_2_28_aarch64.whl", hash = "sha256:0093e85df2960d7e4049664b26afc58b03236e967fb942354deef3208857a04c", size = 14404859, upload-time = "2026-01-10T06:42:49.947Z" },
    { url = "https://files.pythonhosted.org/packages/d9/7d/9c8a781c88933725445a859cac5d01b5871588a15969ee6aeb618ba99eee/numpy-2.4.1-cp312-cp312-manylinux_2_27_x86_64.manylinux_2_28_x86_64.whl", hash = "sha256:7ad270f438cbdd402c364980317fb6b117d9ec5e226fff5b4148dd9aa9fc6e02", size = 16371419, upload-time = "2026-01-10T06:42:52.409Z" },
    { url = "https://files.pythonhosted.org/packages/a6/d2/8aa084818554543f17cf4162c42f162acbd3bb42688aefdba6628a859f77/numpy-2.4.1-cp312-cp312-musllinux_1_2_aarch64.whl", hash = "sha256:297c72b1b98100c2e8f873d5d35fb551fce7040ade83d67dd51d38c8d42a2162", size = 16182131, upload-time = "2026-01-10T06:42:54.694Z" },
    { url = "https://files.pythonhosted.org/packages/60/db/0425216684297c58a8df35f3284ef56ec4a043e6d283f8a59c53562caf1b/numpy-2.4.1-cp312-cp312-musllinux_1_2_x86_64.whl", hash = "sha256:cf6470d91d34bf669f61d515499859fa7a4c2f7c36434afb70e82df7217933f9", size = 18295342, upload-time = "2026-01-10T06:42:56.991Z" },
    { url = "https://files.pythonhosted.org/packages/31/4c/14cb9d86240bd8c386c881bafbe43f001284b7cce3bc01623ac9475da163/numpy-2.4.1-cp312-cp312-win32.whl", hash = "sha256:b6bcf39112e956594b3331316d90c90c90fb961e39696bda97b89462f5f3943f", size = 5959015, upload-time = "2026-01-10T06:42:59.631Z" },
    { url = "https://files.pythonhosted.org/packages/51/cf/52a703dbeb0c65807540d29699fef5fda073434ff61846a564d5c296420f/numpy-2.4.1-cp312-cp312-win_amd64.whl", hash = "sha256:e1a27bb1b2dee45a2a53f5ca6ff2d1a7f135287883a1689e930d44d1ff296c87", size = 12310730, upload-time = "2026-01-10T06:43:01.627Z" },
    { url = "https://files.pythonhosted.org/packages/69/80/a828b2d0ade5e74a9fe0f4e0a17c30fdc26232ad2bc8c9f8b3197cf7cf18/numpy-2.4.1-cp312-cp312-win_arm64.whl", hash = "sha256:0e6e8f9d9ecf95399982019c01223dc130542960a12edfa8edd1122dfa66a8a8", size = 10312166, upload-time = "2026-01-10T06:43:03.673Z" },
]

[[package]]
name = "opencv-python"
version = "4.13.0.90"
source = { registry = "https://pypi.org/simple" }
dependencies = [
    { name = "numpy" },
]
wheels = [
    { url = "https://files.pythonhosted.org/packages/77/d7/133d5756aef78090f4d8dd4895793aed24942dec6064a15375cfac9175fc/opencv_python-4.13.0.90-cp37-abi3-macosx_13_0_arm64.whl", hash = "sha256:58803f8b05b51d8a785e2306d83b44173b32536f980342f3bc76d8c122b5938d", size = 46020278, upload-time = "2026-01-18T08:57:42.539Z" },
    { url = "https://files.pythonhosted.org/packages/7b/65/3b8cdbe13fa2436695d00e1d8c1ddf5edb4050a93436f34ed867233d1960/opencv_python-4.13.0.90-cp37-abi3-macosx_14_0_x86_64.whl", hash = "sha256:a5354e8b161409fce7710ba4c1cfe88b7bb460d97f705dc4e714a1636616f87d", size = 32568376, upload-time = "2026-01-18T08:58:47.19Z" },
    { url = "https://files.pythonhosted.org/packages/34/ff/e4d7c165e678563f49505d3d2811fcc16011e929cd00bc4b0070c7ee82b0/opencv_python-4.13.0.90-cp37-abi3-manylinux2014_aarch64.manylinux_2_17_aarch64.whl", hash = "sha256:d557cbf0c7818081c9acf56585b68e781af4f00638971f75eaa3de70904a6314", size = 47685110, upload-time = "2026-01-18T08:59:58.045Z" },
    { url = "https://files.pythonhosted.org/packages/cf/02/d9b73dbce28712204e85ae4c1e179505e9a771f95b33743a97e170caedde/opencv_python-4.13.0.90-cp37-abi3-manylinux2014_x86_64.manylinux_2_17_x86_64.whl", hash = "sha256:9911581e37b24169e4842069ff01d6645ea2bc4af7e10a022d9ebe340fd035ec", size = 70460479, upload-time = "2026-01-18T09:01:16.377Z" },
    { url = "https://files.pythonhosted.org/packages/fc/1c/87fa71968beb71481ed359e21772061ceff7c9b45a61b3e7daa71e5b0b66/opencv_python-4.13.0.90-cp37-abi3-manylinux_2_28_aarch64.whl", hash = "sha256:1150b8f1947761b848bbfa9c96ceba8877743ffef157c08a04af6f7717ddd709", size = 46707819, upload-time = "2026-01-18T09:02:48.049Z" },
    { url = "https://files.pythonhosted.org/packages/af/16/915a94e5b537c328fa3e96b769c7d4eed3b67d1be978e0af658a3d3faed8/opencv_python-4.13.0.90-cp37-abi3-manylinux_2_28_x86_64.whl", hash = "sha256:d6716f16149b04eea52f953b8ca983d60dd9cd4872c1fd5113f6e2fcebb90e93", size = 72926629, upload-time = "2026-01-18T09:04:29.23Z" },
    { url = "https://files.pythonhosted.org/packages/bf/84/9c63c84be013943dd4c5fff36157f1ec0ec894b69a2fc3026fd4e3c9280a/opencv_python-4.13.0.90-cp37-abi3-win32.whl", hash = "sha256:458a00f2ba47a877eca385be3e7bcc45e6d30a4361d107ce73c1800f516dab09", size = 30932151, upload-time = "2026-01-18T09:05:22.181Z" },
    { url = "https://files.pythonhosted.org/packages/13/de/291cbb17f44242ed6bfd3450fc2535d6bd298115c0ccd6f01cd51d4a11d7/opencv_python-4.13.0.90-cp37-abi3-win_amd64.whl", hash = "sha256:526bde4c33a86808a751e2bb57bf4921beb49794621810971926c472897f6433", size = 40211706, upload-time = "2026-01-18T09:06:06.749Z" },
]

[[package]]
name = "packaging"
version = "26.0"
source = { registry = "https://pypi.org/simple" }
sdist = { url = "https://files.pythonhosted.org/packages/65/ee/299d360cdc32edc7d2cf530f3accf79c4fca01e96ffc950d8a52213bd8e4/packaging-26.0.tar.gz", hash = "sha256:00243ae351a257117b6a241061796684b084ed1c516a08c48a3f7e147a9d80b4", size = 143416, upload-time = "2026-01-21T20:50:39.064Z" }
wheels = [
    { url = "https://files.pythonhosted.org/packages/b7/b9/c538f279a4e237a006a2c98387d081e9eb060d203d8ed34467cc0f0b9b53/packaging-26.0-py3-none-any.whl", hash = "sha256:b36f1fef9334a5588b4166f8bcd26a14e521f2b55e6b9de3aaa80d3ff7a37529", size = 74366, upload-time = "2026-01-21T20:50:37.788Z" },
]

[[package]]
name = "pandas"
version = "3.0.0"
source = { registry = "https://pypi.org/simple" }
dependencies = [
    { name = "numpy" },
    { name = "python-dateutil" },
    { name = "tzdata", marker = "sys_platform == 'emscripten' or sys_platform == 'win32'" },
]
sdist = { url = "https://files.pythonhosted.org/packages/de/da/b1dc0481ab8d55d0f46e343cfe67d4551a0e14fcee52bd38ca1bd73258d8/pandas-3.0.0.tar.gz", hash = "sha256:0facf7e87d38f721f0af46fe70d97373a37701b1c09f7ed7aeeb292ade5c050f", size = 4633005, upload-time = "2026-01-21T15:52:04.726Z" }
wheels = [
    { url = "https://files.pythonhosted.org/packages/0b/38/db33686f4b5fa64d7af40d96361f6a4615b8c6c8f1b3d334eee46ae6160e/pandas-3.0.0-cp312-cp312-macosx_10_13_x86_64.whl", hash = "sha256:9803b31f5039b3c3b10cc858c5e40054adb4b29b4d81cb2fd789f4121c8efbcd", size = 10334013, upload-time = "2026-01-21T15:50:34.771Z" },
    { url = "https://files.pythonhosted.org/packages/a5/7b/9254310594e9774906bacdd4e732415e1f86ab7dbb4b377ef9ede58cd8ec/pandas-3.0.0-cp312-cp312-macosx_11_0_arm64.whl", hash = "sha256:14c2a4099cd38a1d18ff108168ea417909b2dea3bd1ebff2ccf28ddb6a74d740", size = 9874154, upload-time = "2026-01-21T15:50:36.67Z" },
    { url = "https://files.pythonhosted.org/packages/63/d4/726c5a67a13bc66643e66d2e9ff115cead482a44fc56991d0c4014f15aaf/pandas-3.0.0-cp312-cp312-manylinux_2_24_aarch64.manylinux_2_28_aarch64.whl", hash = "sha256:d257699b9a9960e6125686098d5714ac59d05222bef7a5e6af7a7fd87c650801", size = 10384433, upload-time = "2026-01-21T15:50:39.132Z" },
    { url = "https://files.pythonhosted.org/packages/bf/2e/9211f09bedb04f9832122942de8b051804b31a39cfbad199a819bb88d9f3/pandas-3.0.0-cp312-cp312-manylinux_2_24_x86_64.manylinux_2_28_x86_64.whl", hash = "sha256:69780c98f286076dcafca38d8b8eee1676adf220199c0a39f0ecbf976b68151a", size = 10864519, upload-time = "2026-01-21T15:50:41.043Z" },
    { url = "https://files.pythonhosted.org/packages/00/8d/50858522cdc46ac88b9afdc3015e298959a70a08cd21e008a44e9520180c/pandas-3.0.0-cp312-cp312-musllinux_1_2_aarch64.whl", hash = "sha256:4a66384f017240f3858a4c8a7cf21b0591c3ac885cddb7758a589f0f71e87ebb", size = 11394124, upload-time = "2026-01-21T15:50:43.377Z" },
    { url = "https://files.pythonhosted.org/packages/86/3f/83b2577db02503cd93d8e95b0f794ad9d4be0ba7cb6c8bcdcac964a34a42/pandas-3.0.0-cp312-cp312-musllinux_1_2_x86_64.whl", hash = "sha256:be8c515c9bc33989d97b89db66ea0cececb0f6e3c2a87fcc8b69443a6923e95f", size = 11920444, upload-time = "2026-01-21T15:50:45.932Z" },
    { url = "https://files.pythonhosted.org/packages/64/2d/4f8a2f192ed12c90a0aab47f5557ece0e56b0370c49de9454a09de7381b2/pandas-3.0.0-cp312-cp312-win_amd64.whl", hash = "sha256:a453aad8c4f4e9f166436994a33884442ea62aa8b27d007311e87521b97246e1", size = 9730970, upload-time = "2026-01-21T15:50:47.962Z" },
    { url = "https://files.pythonhosted.org/packages/d4/64/ff571be435cf1e643ca98d0945d76732c0b4e9c37191a89c8550b105eed1/pandas-3.0.0-cp312-cp312-win_arm64.whl", hash = "sha256:da768007b5a33057f6d9053563d6b74dd6d029c337d93c6d0d22a763a5c2ecc0", size = 9041950, upload-time = "2026-01-21T15:50:50.422Z" },
]

[[package]]
name = "pillow"
version = "12.1.0"
source = { registry = "https://pypi.org/simple" }
sdist = { url = "https://files.pythonhosted.org/packages/d0/02/d52c733a2452ef1ffcc123b68e6606d07276b0e358db70eabad7e40042b7/pillow-12.1.0.tar.gz", hash = "sha256:5c5ae0a06e9ea030ab786b0251b32c7e4ce10e58d983c0d5c56029455180b5b9", size = 46977283, upload-time = "2026-01-02T09:13:29.892Z" }
wheels = [
    { url = "https://files.pythonhosted.org/packages/20/31/dc53fe21a2f2996e1b7d92bf671cdb157079385183ef7c1ae08b485db510/pillow-12.1.0-cp312-cp312-macosx_10_13_x86_64.whl", hash = "sha256:a332ac4ccb84b6dde65dbace8431f3af08874bf9770719d32a635c4ef411b18b", size = 5262642, upload-time = "2026-01-02T09:11:10.138Z" },
    { url = "https://files.pythonhosted.org/packages/ab/c1/10e45ac9cc79419cedf5121b42dcca5a50ad2b601fa080f58c22fb27626e/pillow-12.1.0-cp312-cp312-macosx_11_0_arm64.whl", hash = "sha256:907bfa8a9cb790748a9aa4513e37c88c59660da3bcfffbd24a7d9e6abf224551", size = 4657464, upload-time = "2026-01-02T09:11:12.319Z" },
    { url = "https://files.pythonhosted.org/packages/ad/26/7b82c0ab7ef40ebede7a97c72d473bda5950f609f8e0c77b04af574a0ddb/pillow-12.1.0-cp312-cp312-manylinux2014_aarch64.manylinux_2_17_aarch64.whl", hash = "sha256:efdc140e7b63b8f739d09a99033aa430accce485ff78e6d311973a67b6bf3208", size = 6234878, upload-time = "2026-01-02T09:11:14.096Z" },
    { url = "https://files.pythonhosted.org/packages/76/25/27abc9792615b5e886ca9411ba6637b675f1b77af3104710ac7353fe5605/pillow-12.1.0-cp312-cp312-manylinux2014_x86_64.manylinux_2_17_x86_64.whl", hash = "sha256:bef9768cab184e7ae6e559c032e95ba8d07b3023c289f79a2bd36e8bf85605a5", size = 8044868, upload-time = "2026-01-02T09:11:15.903Z" },
    { url = "https://files.pythonhosted.org/packages/0a/ea/f200a4c36d836100e7bc738fc48cd963d3ba6372ebc8298a889e0cfc3359/pillow-12.1.0-cp312-cp312-manylinux_2_27_aarch64.manylinux_2_28_aarch64.whl", hash = "sha256:742aea052cf5ab5034a53c3846165bc3ce88d7c38e954120db0ab867ca242661", size = 6349468, upload-time = "2026-01-02T09:11:17.631Z" },
    { url = "https://files.pythonhosted.org/packages/11/8f/48d0b77ab2200374c66d344459b8958c86693be99526450e7aee714e03e4/pillow-12.1.0-cp312-cp312-manylinux_2_27_x86_64.manylinux_2_28_x86_64.whl", hash = "sha256:a6dfc2af5b082b635af6e08e0d1f9f1c4e04d17d4e2ca0ef96131e85eda6eb17", size = 7041518, upload-time = "2026-01-02T09:11:19.389Z" },
    { url = "https://files.pythonhosted.org/packages/1d/23/c281182eb986b5d31f0a76d2a2c8cd41722d6fb8ed07521e802f9bba52de/pillow-12.1.0-cp312-cp312-musllinux_1_2_aarch64.whl", hash = "sha256:609e89d9f90b581c8d16358c9087df76024cf058fa693dd3e1e1620823f39670", size = 6462829, upload-time = "2026-01-02T09:11:21.28Z" },
    { url = "https://files.pythonhosted.org/packages/25/ef/7018273e0faac099d7b00982abdcc39142ae6f3bd9ceb06de09779c4a9d6/pillow-12.1.0-cp312-cp312-musllinux_1_2_x86_64.whl", hash = "sha256:43b4899cfd091a9693a1278c4982f3e50f7fb7cff5153b05174b4afc9593b616", size = 7166756, upload-time = "2026-01-02T09:11:23.559Z" },
    { url = "https://files.pythonhosted.org/packages/8f/c8/993d4b7ab2e341fe02ceef9576afcf5830cdec640be2ac5bee1820d693d4/pillow-12.1.0-cp312-cp312-win32.whl", hash = "sha256:aa0c9cc0b82b14766a99fbe6084409972266e82f459821cd26997a488a7261a7", size = 6328770, upload-time = "2026-01-02T09:11:25.661Z" },
    { url = "https://files.pythonhosted.org/packages/a7/87/90b358775a3f02765d87655237229ba64a997b87efa8ccaca7dd3e36e7a7/pillow-12.1.0-cp312-cp312-win_amd64.whl", hash = "sha256:d70534cea9e7966169ad29a903b99fc507e932069a881d0965a1a84bb57f6c6d", size = 7033406, upload-time = "2026-01-02T09:11:27.474Z" },
    { url = "https://files.pythonhosted.org/packages/5d/cf/881b457eccacac9e5b2ddd97d5071fb6d668307c57cbf4e3b5278e06e536/pillow-12.1.0-cp312-cp312-win_arm64.whl", hash = "sha256:65b80c1ee7e14a87d6a068dd3b0aea268ffcabfe0498d38661b00c5b4b22e74c", size = 2452612, upload-time = "2026-01-02T09:11:29.309Z" },
]

[[package]]
name = "python-dateutil"
version = "2.9.0.post0"
source = { registry = "https://pypi.org/simple" }
dependencies = [
    { name = "six" },
]
sdist = { url = "https://files.pythonhosted.org/packages/66/c0/0c8b6ad9f17a802ee498c46e004a0eb49bc148f2fd230864601a86dcf6db/python-dateutil-2.9.0.post0.tar.gz", hash = "sha256:37dd54208da7e1cd875388217d5e00ebd4179249f90fb72437e91a35459a0ad3", size = 342432, upload-time = "2024-03-01T18:36:20.211Z" }
wheels = [
    { url = "https://files.pythonhosted.org/packages/ec/57/56b9bcc3c9c6a792fcbaf139543cee77261f3651ca9da0c93f5c1221264b/python_dateutil-2.9.0.post0-py2.py3-none-any.whl", hash = "sha256:a8b2bc7bffae282281c8140a97d3aa9c14da0b136dfe83f850eea9a5f7470427", size = 229892, upload-time = "2024-03-01T18:36:18.57Z" },
]

[[package]]
name = "scikit-image"
version = "0.26.0"
source = { registry = "https://pypi.org/simple" }
dependencies = [
    { name = "imageio" },
    { name = "lazy-loader" },
    { name = "networkx" },
    { name = "numpy" },
    { name = "packaging" },
    { name = "pillow" },
    { name = "scipy" },
    { name = "tifffile" },
]
sdist = { url = "https://files.pythonhosted.org/packages/a1/b4/2528bb43c67d48053a7a649a9666432dc307d66ba02e3a6d5c40f46655df/scikit_image-0.26.0.tar.gz", hash = "sha256:f5f970ab04efad85c24714321fcc91613fcb64ef2a892a13167df2f3e59199fa", size = 22729739, upload-time = "2025-12-20T17:12:21.824Z" }
wheels = [
    { url = "https://files.pythonhosted.org/packages/99/e8/e13757982264b33a1621628f86b587e9a73a13f5256dad49b19ba7dc9083/scikit_image-0.26.0-cp312-cp312-macosx_10_13_x86_64.whl", hash = "sha256:d454b93a6fa770ac5ae2d33570f8e7a321bb80d29511ce4b6b78058ebe176e8c", size = 12376452, upload-time = "2025-12-20T17:10:52.796Z" },
    { url = "https://files.pythonhosted.org/packages/e3/be/f8dd17d0510f9911f9f17ba301f7455328bf13dae416560126d428de9568/scikit_image-0.26.0-cp312-cp312-macosx_11_0_arm64.whl", hash = "sha256:3409e89d66eff5734cd2b672d1c48d2759360057e714e1d92a11df82c87cba37", size = 12061567, upload-time = "2025-12-20T17:10:55.207Z" },
    { url = "https://files.pythonhosted.org/packages/b3/2b/c70120a6880579fb42b91567ad79feb4772f7be72e8d52fec403a3dde0c6/scikit_image-0.26.0-cp312-cp312-manylinux_2_24_aarch64.manylinux_2_28_aarch64.whl", hash = "sha256:4c717490cec9e276afb0438dd165b7c3072d6c416709cc0f9f5a4c1070d23a44", size = 13084214, upload-time = "2025-12-20T17:10:57.468Z" },
    { url = "https://files.pythonhosted.org/packages/f4/a2/70401a107d6d7466d64b466927e6b96fcefa99d57494b972608e2f8be50f/scikit_image-0.26.0-cp312-cp312-manylinux_2_24_x86_64.manylinux_2_28_x86_64.whl", hash = "sha256:7df650e79031634ac90b11e64a9eedaf5a5e06fcd09bcd03a34be01745744466", size = 13561683, upload-time = "2025-12-20T17:10:59.49Z" },
    { url = "https://files.pythonhosted.org/packages/13/a5/48bdfd92794c5002d664e0910a349d0a1504671ef5ad358150f21643c79a/scikit_image-0.26.0-cp312-cp312-musllinux_1_2_aarch64.whl", hash = "sha256:cefd85033e66d4ea35b525bb0937d7f42d4cdcfed2d1888e1570d5ce450d3932", size = 14112147, upload-time = "2025-12-20T17:11:02.083Z" },
    { url = "https://files.pythonhosted.org/packages/ee/b5/ac71694da92f5def5953ca99f18a10fe98eac2dd0a34079389b70b4d0394/scikit_image-0.26.0-cp312-cp312-musllinux_1_2_x86_64.whl", hash = "sha256:3f5bf622d7c0435884e1e141ebbe4b2804e16b2dd23ae4c6183e2ea99233be70", size = 14661625, upload-time = "2025-12-20T17:11:04.528Z" },
    { url = "https://files.pythonhosted.org/packages/23/4d/a3cc1e96f080e253dad2251bfae7587cf2b7912bcd76fd43fd366ff35a87/scikit_image-0.26.0-cp312-cp312-win_amd64.whl", hash = "sha256:abed017474593cd3056ae0fe948d07d0747b27a085e92df5474f4955dd65aec0", size = 11911059, upload-time = "2025-12-20T17:11:06.61Z" },
    { url = "https://files.pythonhosted.org/packages/35/8a/d1b8055f584acc937478abf4550d122936f420352422a1a625eef2c605d8/scikit_image-0.26.0-cp312-cp312-win_arm64.whl", hash = "sha256:4d57e39ef67a95d26860c8caf9b14b8fb130f83b34c6656a77f191fa6d1d04d8", size = 11348740, upload-time = "2025-12-20T17:11:09.118Z" },
]

[[package]]
name = "scipy"
version = "1.17.0"
source = { registry = "https://pypi.org/simple" }
dependencies = [
    { name = "numpy" },
]
sdist = { url = "https://files.pythonhosted.org/packages/56/3e/9cca699f3486ce6bc12ff46dc2031f1ec8eb9ccc9a320fdaf925f1417426/scipy-1.17.0.tar.gz", hash = "sha256:2591060c8e648d8b96439e111ac41fd8342fdeff1876be2e19dea3fe8930454e", size = 30396830, upload-time = "2026-01-10T21:34:23.009Z" }
wheels = [
    { url = "https://files.pythonhosted.org/packages/0b/11/7241a63e73ba5a516f1930ac8d5b44cbbfabd35ac73a2d08ca206df007c4/scipy-1.17.0-cp312-cp312-macosx_10_14_x86_64.whl", hash = "sha256:0d5018a57c24cb1dd828bcf51d7b10e65986d549f52ef5adb6b4d1ded3e32a57", size = 31364580, upload-time = "2026-01-10T21:25:25.717Z" },
    { url = "https://files.pythonhosted.org/packages/ed/1d/5057f812d4f6adc91a20a2d6f2ebcdb517fdbc87ae3acc5633c9b97c8ba5/scipy-1.17.0-cp312-cp312-macosx_12_0_arm64.whl", hash = "sha256:88c22af9e5d5a4f9e027e26772cc7b5922fab8bcc839edb3ae33de404feebd9e", size = 27969012, upload-time = "2026-01-10T21:25:30.921Z" },
    { url = "https://files.pythonhosted.org/packages/e3/21/f6ec556c1e3b6ec4e088da667d9987bb77cc3ab3026511f427dc8451187d/scipy-1.17.0-cp312-cp312-macosx_14_0_arm64.whl", hash = "sha256:f3cd947f20fe17013d401b64e857c6b2da83cae567adbb75b9dcba865abc66d8", size = 20140691, upload-time = "2026-01-10T21:25:34.802Z" },
    { url = "https://files.pythonhosted.org/packages/7a/fe/5e5ad04784964ba964a96f16c8d4676aa1b51357199014dce58ab7ec5670/scipy-1.17.0-cp312-cp312-macosx_14_0_x86_64.whl", hash = "sha256:e8c0b331c2c1f531eb51f1b4fc9ba709521a712cce58f1aa627bc007421a5306", size = 22463015, upload-time = "2026-01-10T21:25:39.277Z" },
    { url = "https://files.pythonhosted.org/packages/4a/69/7c347e857224fcaf32a34a05183b9d8a7aca25f8f2d10b8a698b8388561a/scipy-1.17.0-cp312-cp312-manylinux_2_27_aarch64.manylinux_2_28_aarch64.whl", hash = "sha256:5194c445d0a1c7a6c1a4a4681b6b7c71baad98ff66d96b949097e7513c9d6742", size = 32724197, upload-time = "2026-01-10T21:25:44.084Z" },
    { url = "https://files.pythonhosted.org/packages/d1/fe/66d73b76d378ba8cc2fe605920c0c75092e3a65ae746e1e767d9d020a75a/scipy-1.17.0-cp312-cp312-manylinux_2_27_x86_64.manylinux_2_28_x86_64.whl", hash = "sha256:9eeb9b5f5997f75507814ed9d298ab23f62cf79f5a3ef90031b1ee2506abdb5b", size = 35009148, upload-time = "2026-01-10T21:25:50.591Z" },
    { url = "https://files.pythonhosted.org/packages/af/07/07dec27d9dc41c18d8c43c69e9e413431d20c53a0339c388bcf72f353c4b/scipy-1.17.0-cp312-cp312-musllinux_1_2_aarch64.whl", hash = "sha256:40052543f7bbe921df4408f46003d6f01c6af109b9e2c8a66dd1cf6cf57f7d5d", size = 34798766, upload-time = "2026-01-10T21:25:59.41Z" },
    { url = "https://files.pythonhosted.org/packages/81/61/0470810c8a093cdacd4ba7504b8a218fd49ca070d79eca23a615f5d9a0b0/scipy-1.17.0-cp312-cp312-musllinux_1_2_x86_64.whl", hash = "sha256:0cf46c8013fec9d3694dc572f0b54100c28405d55d3e2cb15e2895b25057996e", size = 37405953, upload-time = "2026-01-10T21:26:07.75Z" },
    { url = "https://files.pythonhosted.org/packages/92/ce/672ed546f96d5d41ae78c4b9b02006cedd0b3d6f2bf5bb76ea455c320c28/scipy-1.17.0-cp312-cp312-win_amd64.whl", hash = "sha256:0937a0b0d8d593a198cededd4c439a0ea216a3f36653901ea1f3e4be949056f8", size = 36328121, upload-time = "2026-01-10T21:26:16.509Z" },
    { url = "https://files.pythonhosted.org/packages/9d/21/38165845392cae67b61843a52c6455d47d0cc2a40dd495c89f4362944654/scipy-1.17.0-cp312-cp312-win_arm64.whl", hash = "sha256:f603d8a5518c7426414d1d8f82e253e454471de682ce5e39c29adb0df1efb86b", size = 24314368, upload-time = "2026-01-10T21:26:23.087Z" },
]

[[package]]
name = "six"
version = "1.17.0"
source = { registry = "https://pypi.org/simple" }
sdist = { url = "https://files.pythonhosted.org/packages/94/e7/b2c673351809dca68a0e064b6af791aa332cf192da575fd474ed7d6f16a2/six-1.17.0.tar.gz", hash = "sha256:ff70335d468e7eb6ec65b95b99d3a2836546063f63acc5171de367e834932a81", size = 34031, upload-time = "2024-12-04T17:35:28.174Z" }
wheels = [
    { url = "https://files.pythonhosted.org/packages/b7/ce/149a00dd41f10bc29e5921b496af8b574d8413afcd5e30dfa0ed46c2cc5e/six-1.17.0-py2.py3-none-any.whl", hash = "sha256:4721f391ed90541fddacab5acf947aa0d3dc7d27b2e1e8eda2be8970586c3274", size = 11050, upload-time = "2024-12-04T17:35:26.475Z" },
]

[[package]]
name = "synthetic-mirnov"
version = "0.1.0"
source = { virtual = "." }
dependencies = [
    { name = "mdsthin" },
    { name = "numpy" },
    { name = "opencv-python" },
    { name = "scikit-image" },
    { name = "scipy" },
    { name = "xarray" },
]

[package.metadata]
requires-dist = [
    { name = "mdsthin", specifier = ">=1.6.1" },
    { name = "numpy", specifier = ">=2.4.1" },
    { name = "opencv-python", specifier = ">=4.13.0.90" },
    { name = "scikit-image", specifier = ">=0.26.0" },
    { name = "scipy", specifier = ">=1.17.0" },
    { name = "xarray", specifier = ">=2026.1.0" },
]

[[package]]
name = "tifffile"
version = "2026.1.14"
source = { registry = "https://pypi.org/simple" }
dependencies = [
    { name = "numpy" },
]
sdist = { url = "https://files.pythonhosted.org/packages/5d/19/a41ab0dc1b314da952d99957289944c3b8b76021399c72693e4c1fddc6c3/tifffile-2026.1.14.tar.gz", hash = "sha256:a423c583e1eecd9ca255642d47f463efa8d7f2365a0e110eb0167570493e0c8c", size = 373639, upload-time = "2026-01-14T22:40:43.551Z" }
wheels = [
    { url = "https://files.pythonhosted.org/packages/a3/4d/3fd60d3a37b544cb59463add86e4dfbb485880225115341281906a7b140e/tifffile-2026.1.14-py3-none-any.whl", hash = "sha256:29cf4adb43562a4624fc959018ab1b44e0342015d3db4581b983fe40e05f5924", size = 232213, upload-time = "2026-01-14T22:40:41.553Z" },
]

[[package]]
name = "tzdata"
version = "2025.3"
source = { registry = "https://pypi.org/simple" }
sdist = { url = "https://files.pythonhosted.org/packages/5e/a7/c202b344c5ca7daf398f3b8a477eeb205cf3b6f32e7ec3a6bac0629ca975/tzdata-2025.3.tar.gz", hash = "sha256:de39c2ca5dc7b0344f2eba86f49d614019d29f060fc4ebc8a417896a620b56a7", size = 196772, upload-time = "2025-12-13T17:45:35.667Z" }
wheels = [
    { url = "https://files.pythonhosted.org/packages/c7/b0/003792df09decd6849a5e39c28b513c06e84436a54440380862b5aeff25d/tzdata-2025.3-py2.py3-none-any.whl", hash = "sha256:06a47e5700f3081aab02b2e513160914ff0694bce9947d6b76ebd6bf57cfc5d1", size = 348521, upload-time = "2025-12-13T17:45:33.889Z" },
]

[[package]]
name = "xarray"
version = "2026.1.0"
source = { registry = "https://pypi.org/simple" }
dependencies = [
    { name = "numpy" },
    { name = "packaging" },
    { name = "pandas" },
]
sdist = { url = "https://files.pythonhosted.org/packages/f5/85/113ff1e2cde9e8a5b13c2f0ef4e9f5cd6ca3a036b6452f4dd523419289b5/xarray-2026.1.0.tar.gz", hash = "sha256:0c9814761f9d9a9545df37292d3fda89f83201f3e02ae0f09f03313d9cfdd5e2", size = 3107024, upload-time = "2026-01-28T17:49:03.822Z" }
wheels = [
    { url = "https://files.pythonhosted.org/packages/7d/8e/952a351c10df395d9bab850f611f4368834ae9104d6449049f5a49e00925/xarray-2026.1.0-py3-none-any.whl", hash = "sha256:5fcc03d3ed8dfb662aa254efe6cd65efc70014182bbc2126e4b90d291d970d41", size = 1403009, upload-time = "2026-01-28T17:49:01.538Z" },
]
